
Microsoft Visual Studio Solution File, Format Version 12.00
# Visual Studio Version 17
VisualStudioVersion = 17.5.33424.131
MinimumVisualStudioVersion = 10.0.40219.1
Project("{FAE04EC0-301F-11D3-BF4B-00C04F79EFBC}") = "Cloudflight_GeneticDrift", "Cloudflight_GeneticDrift.csproj", "{7C911F8A-281D-4749-BAC3-4A7531CD2E69}"
EndProject
Global
	GlobalSection(SolutionConfigurationPlatforms) = preSolution
		Debug|Any CPU = Debug|Any CPU
		Release|Any CPU = Release|Any CPU
	EndGlobalSection
	GlobalSection(ProjectConfigurationPlatforms) = postSolution
		{7C911F8A-281D-4749-BAC3-4A7531CD2E69}.Debug|Any CPU.ActiveCfg = Debug|Any CPU
		{7C911F8A-281D-4749-BAC3-4A7531CD2E69}.Debug|Any CPU.Build.0 = Debug|Any CPU
		{7C911F8A-281D-4749-BAC3-4A7531CD2E69}.Release|Any CPU.ActiveCfg = Release|Any CPU
		{7C911F8A-281D-4749-BAC3-4A7531CD2E69}.Release|Any CPU.Build.0 = Release|Any CPU
	EndGlobalSection
	GlobalSection(SolutionProperties) = preSolution
		HideSolutionNode = FALSE
	EndGlobalSection
	GlobalSection(ExtensibilityGlobals) = postSolution
		SolutionGuid = {BD0DB6C5-6B6D-4A0F-A1CD-867BA3E0DA36}
	EndGlobalSection
EndGlobal
